<?xml version="1.0" encoding="UTF-8" standalone="yes" ?>
<CodeBlocks_project_file>
	<FileVersion major="1" minor="6" />
	<Project>
		<Option title="xrpg" />
		<Option pch_mode="2" />
		<Option compiler="gcc" />
		<Build>
			<Target title="Debug">
				<Option output="xrpg/xrpg" prefix_auto="1" extension_auto="1" />
				<Option working_dir="test" />
				<Option object_output="../objects/debug/" />
				<Option type="0" />
				<Option compiler="gcc" />
				<Compiler>
					<Add option="-g" />
				</Compiler>
			</Target>
			<Target title="Release">
				<Option output="xrpg/xrpg" prefix_auto="1" extension_auto="1" />
				<Option object_output="../objects/release/" />
				<Option type="1" />
				<Option compiler="gcc" />
				<Compiler>
					<Add option="-O2" />
				</Compiler>
				<Linker>
					<Add option="-s" />
				</Linker>
			</Target>
		</Build>
		<Compiler>
			<Add option="-Wall" />
			<Add directory="xrpg" />
		</Compiler>
		<Unit filename="test/main.cpp" />
		<Unit filename="test/main.h" />
		<Unit filename="test/planet.cpp" />
		<Unit filename="test/trait.cpp" />
		<Unit filename="xrpg/anyreq.cpp" />
		<Unit filename="xrpg/anyreq.h" />
		<Unit filename="xrpg/archive.cpp" />
		<Unit filename="xrpg/archive.h" />
		<Unit filename="xrpg/bsreq.cpp" />
		<Unit filename="xrpg/bsreq.h" />
		<Unit filename="xrpg/bstream.cpp" />
		<Unit filename="xrpg/bstream.h" />
		<Unit filename="xrpg/cflags.h" />
		<Unit filename="xrpg/color.cpp" />
		<Unit filename="xrpg/color.h" />
		<Unit filename="xrpg/command.cpp" />
		<Unit filename="xrpg/command.h" />
		<Unit filename="xrpg/converter.cpp" />
		<Unit filename="xrpg/converter.h" />
		<Unit filename="xrpg/crt.cpp" />
		<Unit filename="xrpg/crt.h" />
		<Unit filename="xrpg/crt_translate.cpp" />
		<Unit filename="xrpg/datamap.h" />
		<Unit filename="xrpg/dataset.h" />
		<Unit filename="xrpg/datetime.cpp" />
		<Unit filename="xrpg/datetime.h" />
		<Unit filename="xrpg/draw.cpp" />
		<Unit filename="xrpg/draw.h" />
		<Unit filename="xrpg/draw_builder.cpp" />
		<Unit filename="xrpg/draw_builder.h" />
		<Unit filename="xrpg/draw_button.cpp" />
		<Unit filename="xrpg/draw_button.h" />
		<Unit filename="xrpg/draw_clipboard.h" />
		<Unit filename="xrpg/draw_combobox.cpp" />
		<Unit filename="xrpg/draw_commands.cpp" />
		<Unit filename="xrpg/draw_control.cpp" />
		<Unit filename="xrpg/draw_control.h" />
		<Unit filename="xrpg/draw_dockbar.cpp" />
		<Unit filename="xrpg/draw_dockbar.h" />
		<Unit filename="xrpg/draw_field.cpp" />
		<Unit filename="xrpg/draw_figure.cpp" />
		<Unit filename="xrpg/draw_figure.h" />
		<Unit filename="xrpg/draw_focus.cpp" />
		<Unit filename="xrpg/draw_focus.h" />
		<Unit filename="xrpg/draw_input.cpp" />
		<Unit filename="xrpg/draw_list.cpp" />
		<Unit filename="xrpg/draw_scroll.cpp" />
		<Unit filename="xrpg/draw_scroll.h" />
		<Unit filename="xrpg/draw_scrollable.cpp" />
		<Unit filename="xrpg/draw_splitter.cpp" />
		<Unit filename="xrpg/draw_statusbar.cpp" />
		<Unit filename="xrpg/draw_table.cpp" />
		<Unit filename="xrpg/draw_tabs.cpp" />
		<Unit filename="xrpg/draw_text.cpp" />
		<Unit filename="xrpg/draw_textf.cpp" />
		<Unit filename="xrpg/draw_theme.cpp" />
		<Unit filename="xrpg/draw_toolbar.cpp" />
		<Unit filename="xrpg/draw_tooltips.cpp" />
		<Unit filename="xrpg/gender.cpp" />
		<Unit filename="xrpg/gender.h" />
		<Unit filename="xrpg/handler.h" />
		<Unit filename="xrpg/io_plugin.cpp" />
		<Unit filename="xrpg/io_plugin.h" />
		<Unit filename="xrpg/io_plugin_bsreq.cpp" />
		<Unit filename="xrpg/io_plugin_json.cpp" />
		<Unit filename="xrpg/io_stream.cpp" />
		<Unit filename="xrpg/io_stream.h" />
		<Unit filename="xrpg/log.cpp" />
		<Unit filename="xrpg/log.h" />
		<Unit filename="xrpg/markup.cpp" />
		<Unit filename="xrpg/markup.h" />
		<Unit filename="xrpg/moveable.cpp" />
		<Unit filename="xrpg/moveable.h" />
		<Unit filename="xrpg/nix_clipboard.cpp" />
		<Unit filename="xrpg/nix_draw.cpp" />
		<Unit filename="xrpg/nix_draw_shell.cpp" />
		<Unit filename="xrpg/nix_io_file.cpp" />
		<Unit filename="xrpg/nix_menu.cpp" />
		<Unit filename="xrpg/png.cpp" />
		<Unit filename="xrpg/point.cpp" />
		<Unit filename="xrpg/point.h" />
		<Unit filename="xrpg/pointl.h" />
		<Unit filename="xrpg/posable.h" />
		<Unit filename="xrpg/rect.h" />
		<Unit filename="xrpg/resource_dynamic.cpp" />
		<Unit filename="xrpg/screenshoot.cpp" />
		<Unit filename="xrpg/screenshoot.h" />
		<Unit filename="xrpg/setting.cpp" />
		<Unit filename="xrpg/setting.h" />
		<Unit filename="xrpg/stringbuilder.cpp" />
		<Unit filename="xrpg/stringbuilder.h" />
		<Unit filename="xrpg/surface_serial.cpp" />
		<Unit filename="xrpg/szdup.cpp" />
		<Unit filename="xrpg/widget_application.cpp" />
		<Unit filename="xrpg/widget_logging.cpp" />
		<Unit filename="xrpg/win.h" />
		<Unit filename="xrpg/zip.cpp" />
		<Extensions>
			<lib_finder disable_auto="1" />
			<code_completion />
			<debugger />
		</Extensions>
	</Project>
</CodeBlocks_project_file>
