<?xml version="1.0" encoding="utf-8"?>
<Project ToolsVersion="4.0" xmlns="http://schemas.microsoft.com/developer/msbuild/2003">
  <ItemGroup>
    <ClCompile Include="combat.cpp">
      <Filter>Logic</Filter>
    </ClCompile>
    <ClCompile Include="cost.cpp">
      <Filter>Logic</Filter>
    </ClCompile>
    <ClCompile Include="main.cpp">
      <Filter>Logic</Filter>
    </ClCompile>
    <ClCompile Include="property.cpp">
      <Filter>Logic</Filter>
    </ClCompile>
    <ClCompile Include="stat.cpp">
      <Filter>Logic</Filter>
    </ClCompile>
    <ClCompile Include="province.cpp">
      <Filter>Logic</Filter>
    </ClCompile>
    <ClCompile Include="troop.cpp">
      <Filter>Logic</Filter>
    </ClCompile>
    <ClCompile Include="bonus.cpp">
      <Filter>Logic</Filter>
    </ClCompile>
    <ClCompile Include="string.cpp">
      <Filter>Logic</Filter>
    </ClCompile>
    <ClCompile Include="interface.cpp">
      <Filter>Logic</Filter>
    </ClCompile>
    <ClCompile Include="player.cpp">
      <Filter>Logic</Filter>
    </ClCompile>
    <ClCompile Include="game.cpp">
      <Filter>Logic</Filter>
    </ClCompile>
    <ClCompile Include="prefix.cpp">
      <Filter>Logic</Filter>
    </ClCompile>
    <ClCompile Include="deck.cpp">
      <Filter>Logic</Filter>
    </ClCompile>
    <ClCompile Include="landscape.cpp">
      <Filter>Logic</Filter>
    </ClCompile>
    <ClCompile Include="unit.cpp">
      <Filter>Logic</Filter>
    </ClCompile>
    <ClCompile Include="selector.cpp">
      <Filter>Logic</Filter>
    </ClCompile>
    <ClCompile Include="..\xrpg\sprite_util.cpp">
      <Filter>Util</Filter>
    </ClCompile>
    <ClCompile Include="main_util.cpp">
      <Filter>Util</Filter>
    </ClCompile>
    <ClCompile Include="population.cpp">
      <Filter>Logic</Filter>
    </ClCompile>
    <ClCompile Include="action.cpp">
      <Filter>Logic</Filter>
    </ClCompile>
    <ClCompile Include="information.cpp">
      <Filter>Logic</Filter>
    </ClCompile>
    <ClCompile Include="building.cpp">
      <Filter>Logic</Filter>
    </ClCompile>
  </ItemGroup>
  <ItemGroup>
    <Text Include="errors.txt">
      <Filter>Data</Filter>
    </Text>
    <Text Include="rules\test_data.txt">
      <Filter>Data</Filter>
    </Text>
    <Text Include="locale\ru\Names.txt">
      <Filter>Data</Filter>
    </Text>
    <Text Include="locale\ru\Descriptions.txt">
      <Filter>Data</Filter>
    </Text>
    <Text Include="rules\events.txt">
      <Filter>Data</Filter>
    </Text>
    <Text Include="locale\ru\NamesOf.txt">
      <Filter>Data</Filter>
    </Text>
  </ItemGroup>
  <ItemGroup>
    <Filter Include="Logic">
      <UniqueIdentifier>{4ffcb5e9-feff-46e1-abcc-7b799f31ebe7}</UniqueIdentifier>
    </Filter>
    <Filter Include="Data">
      <UniqueIdentifier>{7c384333-ef2d-49a3-8d02-2c85ba66040a}</UniqueIdentifier>
    </Filter>
    <Filter Include="Service">
      <UniqueIdentifier>{3845c73d-aa7e-4225-b56a-0320cb4d5f82}</UniqueIdentifier>
    </Filter>
    <Filter Include="Util">
      <UniqueIdentifier>{ad2457d2-8f41-4f56-93fc-371941d64da8}</UniqueIdentifier>
    </Filter>
  </ItemGroup>
  <ItemGroup>
    <ClInclude Include="main.h">
      <Filter>Logic</Filter>
    </ClInclude>
    <ClInclude Include="..\xrpg\sprite_util.h">
      <Filter>Util</Filter>
    </ClInclude>
  </ItemGroup>
  <ItemGroup>
    <None Include="cpp.hint">
      <Filter>Service</Filter>
    </None>
  </ItemGroup>
</Project>